
Microsoft Visual Studio Solution File, Format Version 12.00
# Visual Studio Version 17
VisualStudioVersion = 17.14.36603.0 d17.14
MinimumVisualStudioVersion = 10.0.40219.1
Project("{FAE04EC0-301F-11D3-BF4B-00C04F79EFBC}") = "Lab2Console", "Lab2Console\Lab2Console.csproj", "{2951529B-7B42-4CE9-8DB8-D2E86EF55583}"
EndProject
Global
	GlobalSection(SolutionConfigurationPlatforms) = preSolution
		Debug|Any CPU = Debug|Any CPU
		Release|Any CPU = Release|Any CPU
	EndGlobalSection
	GlobalSection(ProjectConfigurationPlatforms) = postSolution
		{2951529B-7B42-4CE9-8DB8-D2E86EF55583}.Debug|Any CPU.ActiveCfg = Debug|Any CPU
		{2951529B-7B42-4CE9-8DB8-D2E86EF55583}.Debug|Any CPU.Build.0 = Debug|Any CPU
		{2951529B-7B42-4CE9-8DB8-D2E86EF55583}.Release|Any CPU.ActiveCfg = Release|Any CPU
		{2951529B-7B42-4CE9-8DB8-D2E86EF55583}.Release|Any CPU.Build.0 = Release|Any CPU
	EndGlobalSection
	GlobalSection(SolutionProperties) = preSolution
		HideSolutionNode = FALSE
	EndGlobalSection
	GlobalSection(ExtensibilityGlobals) = postSolution
		SolutionGuid = {E4592037-7D41-4917-BCF2-7D09598A237E}
	EndGlobalSection
EndGlobal
